
Microsoft Visual Studio Solution File, Format Version 12.00
# Visual Studio Version 17
VisualStudioVersion = 17.9.34728.123
MinimumVisualStudioVersion = 10.0.40219.1
Project("{FAE04EC0-301F-11D3-BF4B-00C04F79EFBC}") = "Guia4ListaAlumnos", "Guia4ListaAlumnos\Guia4ListaAlumnos.csproj", "{A60EDD36-D48F-4B6B-B427-2D797241623A}"
EndProject
Global
	GlobalSection(SolutionConfigurationPlatforms) = preSolution
		Debug|Any CPU = Debug|Any CPU
		Release|Any CPU = Release|Any CPU
	EndGlobalSection
	GlobalSection(ProjectConfigurationPlatforms) = postSolution
		{A60EDD36-D48F-4B6B-B427-2D797241623A}.Debug|Any CPU.ActiveCfg = Debug|Any CPU
		{A60EDD36-D48F-4B6B-B427-2D797241623A}.Debug|Any CPU.Build.0 = Debug|Any CPU
		{A60EDD36-D48F-4B6B-B427-2D797241623A}.Release|Any CPU.ActiveCfg = Release|Any CPU
		{A60EDD36-D48F-4B6B-B427-2D797241623A}.Release|Any CPU.Build.0 = Release|Any CPU
	EndGlobalSection
	GlobalSection(SolutionProperties) = preSolution
		HideSolutionNode = FALSE
	EndGlobalSection
	GlobalSection(ExtensibilityGlobals) = postSolution
		SolutionGuid = {85D5238D-CC3D-4443-A9A0-92133C9373C0}
	EndGlobalSection
EndGlobal
